
Microsoft Visual Studio Solution File, Format Version 12.00
# Visual Studio Version 17
VisualStudioVersion = 17.5.33502.453
MinimumVisualStudioVersion = 10.0.40219.1
Project("{FAE04EC0-301F-11D3-BF4B-00C04F79EFBC}") = "ConsoleApp101", "ConsoleApp101.csproj", "{6561BD0A-479F-445C-8EB4-A65797C641A1}"
EndProject
Global
	GlobalSection(SolutionConfigurationPlatforms) = preSolution
		Debug|Any CPU = Debug|Any CPU
		Release|Any CPU = Release|Any CPU
	EndGlobalSection
	GlobalSection(ProjectConfigurationPlatforms) = postSolution
		{6561BD0A-479F-445C-8EB4-A65797C641A1}.Debug|Any CPU.ActiveCfg = Debug|Any CPU
		{6561BD0A-479F-445C-8EB4-A65797C641A1}.Debug|Any CPU.Build.0 = Debug|Any CPU
		{6561BD0A-479F-445C-8EB4-A65797C641A1}.Release|Any CPU.ActiveCfg = Release|Any CPU
		{6561BD0A-479F-445C-8EB4-A65797C641A1}.Release|Any CPU.Build.0 = Release|Any CPU
	EndGlobalSection
	GlobalSection(SolutionProperties) = preSolution
		HideSolutionNode = FALSE
	EndGlobalSection
	GlobalSection(ExtensibilityGlobals) = postSolution
		SolutionGuid = {10DB40B3-339A-4CA5-81A8-F88DFC966AA1}
	EndGlobalSection
EndGlobal
