
Microsoft Visual Studio Solution File, Format Version 12.00
# Visual Studio Version 17
VisualStudioVersion = 17.6.33723.286
MinimumVisualStudioVersion = 10.0.40219.1
Project("{FAE04EC0-301F-11D3-BF4B-00C04F79EFBC}") = "FendhalPreparation", "FendhalPreparation\FendhalPreparation.csproj", "{4CE9F823-D638-48B5-BC55-62B68096EE78}"
EndProject
Global
	GlobalSection(SolutionConfigurationPlatforms) = preSolution
		Debug|Any CPU = Debug|Any CPU
		Release|Any CPU = Release|Any CPU
	EndGlobalSection
	GlobalSection(ProjectConfigurationPlatforms) = postSolution
		{4CE9F823-D638-48B5-BC55-62B68096EE78}.Debug|Any CPU.ActiveCfg = Debug|Any CPU
		{4CE9F823-D638-48B5-BC55-62B68096EE78}.Debug|Any CPU.Build.0 = Debug|Any CPU
		{4CE9F823-D638-48B5-BC55-62B68096EE78}.Release|Any CPU.ActiveCfg = Release|Any CPU
		{4CE9F823-D638-48B5-BC55-62B68096EE78}.Release|Any CPU.Build.0 = Release|Any CPU
	EndGlobalSection
	GlobalSection(SolutionProperties) = preSolution
		HideSolutionNode = FALSE
	EndGlobalSection
	GlobalSection(ExtensibilityGlobals) = postSolution
		SolutionGuid = {5DDB0082-2D13-469C-818D-2CEB1C639FD6}
	EndGlobalSection
EndGlobal
