
Microsoft Visual Studio Solution File, Format Version 12.00
# Visual Studio Version 17
VisualStudioVersion = 17.5.33502.453
MinimumVisualStudioVersion = 10.0.40219.1
Project("{FAE04EC0-301F-11D3-BF4B-00C04F79EFBC}") = "ConsoleApp50", "ConsoleApp50.csproj", "{3D4CFB5A-6453-482F-AB30-6BE0923C0A05}"
EndProject
Global
	GlobalSection(SolutionConfigurationPlatforms) = preSolution
		Debug|Any CPU = Debug|Any CPU
		Release|Any CPU = Release|Any CPU
	EndGlobalSection
	GlobalSection(ProjectConfigurationPlatforms) = postSolution
		{3D4CFB5A-6453-482F-AB30-6BE0923C0A05}.Debug|Any CPU.ActiveCfg = Debug|Any CPU
		{3D4CFB5A-6453-482F-AB30-6BE0923C0A05}.Debug|Any CPU.Build.0 = Debug|Any CPU
		{3D4CFB5A-6453-482F-AB30-6BE0923C0A05}.Release|Any CPU.ActiveCfg = Release|Any CPU
		{3D4CFB5A-6453-482F-AB30-6BE0923C0A05}.Release|Any CPU.Build.0 = Release|Any CPU
	EndGlobalSection
	GlobalSection(SolutionProperties) = preSolution
		HideSolutionNode = FALSE
	EndGlobalSection
	GlobalSection(ExtensibilityGlobals) = postSolution
		SolutionGuid = {FE647554-C92D-4C03-B801-81D5EC3FF2F5}
	EndGlobalSection
EndGlobal
