
Microsoft Visual Studio Solution File, Format Version 12.00
# Visual Studio Version 17
VisualStudioVersion = 17.6.33723.286
MinimumVisualStudioVersion = 10.0.40219.1
Project("{FAE04EC0-301F-11D3-BF4B-00C04F79EFBC}") = "StoreLibrary", "StoreLibrary\StoreLibrary.csproj", "{C6E113BD-E48B-41EA-A2FF-322320CCD160}"
EndProject
Global
	GlobalSection(SolutionConfigurationPlatforms) = preSolution
		Debug|Any CPU = Debug|Any CPU
		Release|Any CPU = Release|Any CPU
	EndGlobalSection
	GlobalSection(ProjectConfigurationPlatforms) = postSolution
		{C6E113BD-E48B-41EA-A2FF-322320CCD160}.Debug|Any CPU.ActiveCfg = Debug|Any CPU
		{C6E113BD-E48B-41EA-A2FF-322320CCD160}.Debug|Any CPU.Build.0 = Debug|Any CPU
		{C6E113BD-E48B-41EA-A2FF-322320CCD160}.Release|Any CPU.ActiveCfg = Release|Any CPU
		{C6E113BD-E48B-41EA-A2FF-322320CCD160}.Release|Any CPU.Build.0 = Release|Any CPU
	EndGlobalSection
	GlobalSection(SolutionProperties) = preSolution
		HideSolutionNode = FALSE
	EndGlobalSection
	GlobalSection(ExtensibilityGlobals) = postSolution
		SolutionGuid = {40F1E8DB-467B-4D00-88D8-28724F663BF8}
	EndGlobalSection
EndGlobal
