
Microsoft Visual Studio Solution File, Format Version 12.00
# Visual Studio Version 17
VisualStudioVersion = 17.5.33502.453
MinimumVisualStudioVersion = 10.0.40219.1
Project("{FAE04EC0-301F-11D3-BF4B-00C04F79EFBC}") = "Prac2_Fen_Proj", "Prac2_Fen_Proj.csproj", "{C50AB70A-2390-4645-BDA4-A8AAD307653B}"
EndProject
Global
	GlobalSection(SolutionConfigurationPlatforms) = preSolution
		Debug|Any CPU = Debug|Any CPU
		Release|Any CPU = Release|Any CPU
	EndGlobalSection
	GlobalSection(ProjectConfigurationPlatforms) = postSolution
		{C50AB70A-2390-4645-BDA4-A8AAD307653B}.Debug|Any CPU.ActiveCfg = Debug|Any CPU
		{C50AB70A-2390-4645-BDA4-A8AAD307653B}.Debug|Any CPU.Build.0 = Debug|Any CPU
		{C50AB70A-2390-4645-BDA4-A8AAD307653B}.Release|Any CPU.ActiveCfg = Release|Any CPU
		{C50AB70A-2390-4645-BDA4-A8AAD307653B}.Release|Any CPU.Build.0 = Release|Any CPU
	EndGlobalSection
	GlobalSection(SolutionProperties) = preSolution
		HideSolutionNode = FALSE
	EndGlobalSection
	GlobalSection(ExtensibilityGlobals) = postSolution
		SolutionGuid = {17A887F2-B1D3-4D58-9F43-0F968969C66D}
	EndGlobalSection
EndGlobal
