
Microsoft Visual Studio Solution File, Format Version 12.00
# Visual Studio Version 17
VisualStudioVersion = 17.5.33502.453
MinimumVisualStudioVersion = 10.0.40219.1
Project("{FAE04EC0-301F-11D3-BF4B-00C04F79EFBC}") = "WindowsFormsApp24", "WindowsFormsApp24.csproj", "{FDD84D4B-ECAB-42C8-8466-AC4074AF87C6}"
EndProject
Global
	GlobalSection(SolutionConfigurationPlatforms) = preSolution
		Debug|Any CPU = Debug|Any CPU
		Release|Any CPU = Release|Any CPU
	EndGlobalSection
	GlobalSection(ProjectConfigurationPlatforms) = postSolution
		{FDD84D4B-ECAB-42C8-8466-AC4074AF87C6}.Debug|Any CPU.ActiveCfg = Debug|Any CPU
		{FDD84D4B-ECAB-42C8-8466-AC4074AF87C6}.Debug|Any CPU.Build.0 = Debug|Any CPU
		{FDD84D4B-ECAB-42C8-8466-AC4074AF87C6}.Release|Any CPU.ActiveCfg = Release|Any CPU
		{FDD84D4B-ECAB-42C8-8466-AC4074AF87C6}.Release|Any CPU.Build.0 = Release|Any CPU
	EndGlobalSection
	GlobalSection(SolutionProperties) = preSolution
		HideSolutionNode = FALSE
	EndGlobalSection
	GlobalSection(ExtensibilityGlobals) = postSolution
		SolutionGuid = {6092E7CB-8EFD-4FB2-BF5C-59A4827879BF}
	EndGlobalSection
EndGlobal
