
Microsoft Visual Studio Solution File, Format Version 12.00
# Visual Studio Version 17
VisualStudioVersion = 17.5.33502.453
MinimumVisualStudioVersion = 10.0.40219.1
Project("{FAE04EC0-301F-11D3-BF4B-00C04F79EFBC}") = "ConsoleApp129", "ConsoleApp129.csproj", "{7F35EDAC-04C2-459D-8FE8-0B0C414CE254}"
EndProject
Global
	GlobalSection(SolutionConfigurationPlatforms) = preSolution
		Debug|Any CPU = Debug|Any CPU
		Release|Any CPU = Release|Any CPU
	EndGlobalSection
	GlobalSection(ProjectConfigurationPlatforms) = postSolution
		{7F35EDAC-04C2-459D-8FE8-0B0C414CE254}.Debug|Any CPU.ActiveCfg = Debug|Any CPU
		{7F35EDAC-04C2-459D-8FE8-0B0C414CE254}.Debug|Any CPU.Build.0 = Debug|Any CPU
		{7F35EDAC-04C2-459D-8FE8-0B0C414CE254}.Release|Any CPU.ActiveCfg = Release|Any CPU
		{7F35EDAC-04C2-459D-8FE8-0B0C414CE254}.Release|Any CPU.Build.0 = Release|Any CPU
	EndGlobalSection
	GlobalSection(SolutionProperties) = preSolution
		HideSolutionNode = FALSE
	EndGlobalSection
	GlobalSection(ExtensibilityGlobals) = postSolution
		SolutionGuid = {5EF75C18-BD33-4DDE-9F16-18D7136D2B8E}
	EndGlobalSection
EndGlobal
