
Microsoft Visual Studio Solution File, Format Version 12.00
# Visual Studio Version 17
VisualStudioVersion = 17.5.33502.453
MinimumVisualStudioVersion = 10.0.40219.1
Project("{FAE04EC0-301F-11D3-BF4B-00C04F79EFBC}") = "ConsoleApp123", "ConsoleApp123.csproj", "{B041597E-6BB9-4DED-A2F5-DBC41590676B}"
EndProject
Global
	GlobalSection(SolutionConfigurationPlatforms) = preSolution
		Debug|Any CPU = Debug|Any CPU
		Release|Any CPU = Release|Any CPU
	EndGlobalSection
	GlobalSection(ProjectConfigurationPlatforms) = postSolution
		{B041597E-6BB9-4DED-A2F5-DBC41590676B}.Debug|Any CPU.ActiveCfg = Debug|Any CPU
		{B041597E-6BB9-4DED-A2F5-DBC41590676B}.Debug|Any CPU.Build.0 = Debug|Any CPU
		{B041597E-6BB9-4DED-A2F5-DBC41590676B}.Release|Any CPU.ActiveCfg = Release|Any CPU
		{B041597E-6BB9-4DED-A2F5-DBC41590676B}.Release|Any CPU.Build.0 = Release|Any CPU
	EndGlobalSection
	GlobalSection(SolutionProperties) = preSolution
		HideSolutionNode = FALSE
	EndGlobalSection
	GlobalSection(ExtensibilityGlobals) = postSolution
		SolutionGuid = {BC8925D7-6449-49AE-9386-334D2696C9E1}
	EndGlobalSection
EndGlobal
