
Microsoft Visual Studio Solution File, Format Version 12.00
# Visual Studio Version 17
VisualStudioVersion = 17.6.33723.286
MinimumVisualStudioVersion = 10.0.40219.1
Project("{FAE04EC0-301F-11D3-BF4B-00C04F79EFBC}") = "Vendor_Mast", "Vendor_Mast.csproj", "{E073E8CA-4FFB-42AC-83E8-A53F06094F93}"
EndProject
Global
	GlobalSection(SolutionConfigurationPlatforms) = preSolution
		Debug|Any CPU = Debug|Any CPU
		Release|Any CPU = Release|Any CPU
	EndGlobalSection
	GlobalSection(ProjectConfigurationPlatforms) = postSolution
		{E073E8CA-4FFB-42AC-83E8-A53F06094F93}.Debug|Any CPU.ActiveCfg = Debug|Any CPU
		{E073E8CA-4FFB-42AC-83E8-A53F06094F93}.Debug|Any CPU.Build.0 = Debug|Any CPU
		{E073E8CA-4FFB-42AC-83E8-A53F06094F93}.Release|Any CPU.ActiveCfg = Release|Any CPU
		{E073E8CA-4FFB-42AC-83E8-A53F06094F93}.Release|Any CPU.Build.0 = Release|Any CPU
	EndGlobalSection
	GlobalSection(SolutionProperties) = preSolution
		HideSolutionNode = FALSE
	EndGlobalSection
	GlobalSection(ExtensibilityGlobals) = postSolution
		SolutionGuid = {EC07D0E8-9D7E-4797-A7BD-8899E3606E39}
	EndGlobalSection
EndGlobal
