
Microsoft Visual Studio Solution File, Format Version 12.00
# Visual Studio Version 17
VisualStudioVersion = 17.6.33723.286
MinimumVisualStudioVersion = 10.0.40219.1
Project("{FAE04EC0-301F-11D3-BF4B-00C04F79EFBC}") = "MVC1", "MVC1\MVC1.csproj", "{70F69B8A-4408-45CE-91A3-A9CCB7D7EC5A}"
EndProject
Global
	GlobalSection(SolutionConfigurationPlatforms) = preSolution
		Debug|Any CPU = Debug|Any CPU
		Release|Any CPU = Release|Any CPU
	EndGlobalSection
	GlobalSection(ProjectConfigurationPlatforms) = postSolution
		{70F69B8A-4408-45CE-91A3-A9CCB7D7EC5A}.Debug|Any CPU.ActiveCfg = Debug|Any CPU
		{70F69B8A-4408-45CE-91A3-A9CCB7D7EC5A}.Debug|Any CPU.Build.0 = Debug|Any CPU
		{70F69B8A-4408-45CE-91A3-A9CCB7D7EC5A}.Release|Any CPU.ActiveCfg = Release|Any CPU
		{70F69B8A-4408-45CE-91A3-A9CCB7D7EC5A}.Release|Any CPU.Build.0 = Release|Any CPU
	EndGlobalSection
	GlobalSection(SolutionProperties) = preSolution
		HideSolutionNode = FALSE
	EndGlobalSection
	GlobalSection(ExtensibilityGlobals) = postSolution
		SolutionGuid = {0CA2067F-0E75-4A00-8480-B4BEE034175D}
	EndGlobalSection
EndGlobal
