
Microsoft Visual Studio Solution File, Format Version 12.00
# Visual Studio Version 17
VisualStudioVersion = 17.6.33723.286
MinimumVisualStudioVersion = 10.0.40219.1
Project("{FAE04EC0-301F-11D3-BF4B-00C04F79EFBC}") = "Entity3", "Entity3\Entity3.csproj", "{B70E808B-2CDF-4901-9258-D7E8BFCFC63E}"
EndProject
Global
	GlobalSection(SolutionConfigurationPlatforms) = preSolution
		Debug|Any CPU = Debug|Any CPU
		Release|Any CPU = Release|Any CPU
	EndGlobalSection
	GlobalSection(ProjectConfigurationPlatforms) = postSolution
		{B70E808B-2CDF-4901-9258-D7E8BFCFC63E}.Debug|Any CPU.ActiveCfg = Debug|Any CPU
		{B70E808B-2CDF-4901-9258-D7E8BFCFC63E}.Debug|Any CPU.Build.0 = Debug|Any CPU
		{B70E808B-2CDF-4901-9258-D7E8BFCFC63E}.Release|Any CPU.ActiveCfg = Release|Any CPU
		{B70E808B-2CDF-4901-9258-D7E8BFCFC63E}.Release|Any CPU.Build.0 = Release|Any CPU
	EndGlobalSection
	GlobalSection(SolutionProperties) = preSolution
		HideSolutionNode = FALSE
	EndGlobalSection
	GlobalSection(ExtensibilityGlobals) = postSolution
		SolutionGuid = {6A12E963-17FD-48D5-A8A3-2AC4559A8250}
	EndGlobalSection
EndGlobal
