
Microsoft Visual Studio Solution File, Format Version 12.00
# Visual Studio Version 17
VisualStudioVersion = 17.6.33723.286
MinimumVisualStudioVersion = 10.0.40219.1
Project("{FAE04EC0-301F-11D3-BF4B-00C04F79EFBC}") = "ClassLibrary2", "ClassLibrary2.csproj", "{281DC16B-9A7A-478C-AEE1-7B9858FE403D}"
EndProject
Global
	GlobalSection(SolutionConfigurationPlatforms) = preSolution
		Debug|Any CPU = Debug|Any CPU
		Release|Any CPU = Release|Any CPU
	EndGlobalSection
	GlobalSection(ProjectConfigurationPlatforms) = postSolution
		{281DC16B-9A7A-478C-AEE1-7B9858FE403D}.Debug|Any CPU.ActiveCfg = Debug|Any CPU
		{281DC16B-9A7A-478C-AEE1-7B9858FE403D}.Debug|Any CPU.Build.0 = Debug|Any CPU
		{281DC16B-9A7A-478C-AEE1-7B9858FE403D}.Release|Any CPU.ActiveCfg = Release|Any CPU
		{281DC16B-9A7A-478C-AEE1-7B9858FE403D}.Release|Any CPU.Build.0 = Release|Any CPU
	EndGlobalSection
	GlobalSection(SolutionProperties) = preSolution
		HideSolutionNode = FALSE
	EndGlobalSection
	GlobalSection(ExtensibilityGlobals) = postSolution
		SolutionGuid = {26505C49-DAB6-4E37-9451-FA5E43328541}
	EndGlobalSection
EndGlobal
