
Microsoft Visual Studio Solution File, Format Version 12.00
# Visual Studio Version 17
VisualStudioVersion = 17.5.33502.453
MinimumVisualStudioVersion = 10.0.40219.1
Project("{FAE04EC0-301F-11D3-BF4B-00C04F79EFBC}") = "WindowsFormsApp17", "WindowsFormsApp17.csproj", "{216112DF-9C44-406F-A345-145BBE8B53BC}"
EndProject
Global
	GlobalSection(SolutionConfigurationPlatforms) = preSolution
		Debug|Any CPU = Debug|Any CPU
		Release|Any CPU = Release|Any CPU
	EndGlobalSection
	GlobalSection(ProjectConfigurationPlatforms) = postSolution
		{216112DF-9C44-406F-A345-145BBE8B53BC}.Debug|Any CPU.ActiveCfg = Debug|Any CPU
		{216112DF-9C44-406F-A345-145BBE8B53BC}.Debug|Any CPU.Build.0 = Debug|Any CPU
		{216112DF-9C44-406F-A345-145BBE8B53BC}.Release|Any CPU.ActiveCfg = Release|Any CPU
		{216112DF-9C44-406F-A345-145BBE8B53BC}.Release|Any CPU.Build.0 = Release|Any CPU
	EndGlobalSection
	GlobalSection(SolutionProperties) = preSolution
		HideSolutionNode = FALSE
	EndGlobalSection
	GlobalSection(ExtensibilityGlobals) = postSolution
		SolutionGuid = {3099280B-158A-4421-9EEB-AD308C43C28B}
	EndGlobalSection
EndGlobal
