
Microsoft Visual Studio Solution File, Format Version 12.00
# Visual Studio Version 17
VisualStudioVersion = 17.6.33723.286
MinimumVisualStudioVersion = 10.0.40219.1
Project("{FAE04EC0-301F-11D3-BF4B-00C04F79EFBC}") = "Proj3", "Proj3.csproj", "{99EEE1F4-24C3-4CA5-AEC8-8F32199D1097}"
EndProject
Global
	GlobalSection(SolutionConfigurationPlatforms) = preSolution
		Debug|Any CPU = Debug|Any CPU
		Release|Any CPU = Release|Any CPU
	EndGlobalSection
	GlobalSection(ProjectConfigurationPlatforms) = postSolution
		{99EEE1F4-24C3-4CA5-AEC8-8F32199D1097}.Debug|Any CPU.ActiveCfg = Debug|Any CPU
		{99EEE1F4-24C3-4CA5-AEC8-8F32199D1097}.Debug|Any CPU.Build.0 = Debug|Any CPU
		{99EEE1F4-24C3-4CA5-AEC8-8F32199D1097}.Release|Any CPU.ActiveCfg = Release|Any CPU
		{99EEE1F4-24C3-4CA5-AEC8-8F32199D1097}.Release|Any CPU.Build.0 = Release|Any CPU
	EndGlobalSection
	GlobalSection(SolutionProperties) = preSolution
		HideSolutionNode = FALSE
	EndGlobalSection
	GlobalSection(ExtensibilityGlobals) = postSolution
		SolutionGuid = {27241480-7A54-4FB5-BC98-93F6E7C7DDE7}
	EndGlobalSection
EndGlobal
