
Microsoft Visual Studio Solution File, Format Version 12.00
# Visual Studio Version 17
VisualStudioVersion = 17.6.33723.286
MinimumVisualStudioVersion = 10.0.40219.1
Project("{FAE04EC0-301F-11D3-BF4B-00C04F79EFBC}") = "Two No Addition", "Two No Addition\Two No Addition.csproj", "{A968BBA8-FAF1-412E-A53A-E4E105A86764}"
EndProject
Global
	GlobalSection(SolutionConfigurationPlatforms) = preSolution
		Debug|Any CPU = Debug|Any CPU
		Release|Any CPU = Release|Any CPU
	EndGlobalSection
	GlobalSection(ProjectConfigurationPlatforms) = postSolution
		{A968BBA8-FAF1-412E-A53A-E4E105A86764}.Debug|Any CPU.ActiveCfg = Debug|Any CPU
		{A968BBA8-FAF1-412E-A53A-E4E105A86764}.Debug|Any CPU.Build.0 = Debug|Any CPU
		{A968BBA8-FAF1-412E-A53A-E4E105A86764}.Release|Any CPU.ActiveCfg = Release|Any CPU
		{A968BBA8-FAF1-412E-A53A-E4E105A86764}.Release|Any CPU.Build.0 = Release|Any CPU
	EndGlobalSection
	GlobalSection(SolutionProperties) = preSolution
		HideSolutionNode = FALSE
	EndGlobalSection
	GlobalSection(ExtensibilityGlobals) = postSolution
		SolutionGuid = {8E097580-247B-43D0-ACB1-CC38B813ADCA}
	EndGlobalSection
EndGlobal
