
Microsoft Visual Studio Solution File, Format Version 12.00
# Visual Studio Version 17
VisualStudioVersion = 17.5.33502.453
MinimumVisualStudioVersion = 10.0.40219.1
Project("{FAE04EC0-301F-11D3-BF4B-00C04F79EFBC}") = "ConsoleApp75", "ConsoleApp75.csproj", "{A50D2A52-C01E-4960-8D8F-79C21BB21903}"
EndProject
Global
	GlobalSection(SolutionConfigurationPlatforms) = preSolution
		Debug|Any CPU = Debug|Any CPU
		Release|Any CPU = Release|Any CPU
	EndGlobalSection
	GlobalSection(ProjectConfigurationPlatforms) = postSolution
		{A50D2A52-C01E-4960-8D8F-79C21BB21903}.Debug|Any CPU.ActiveCfg = Debug|Any CPU
		{A50D2A52-C01E-4960-8D8F-79C21BB21903}.Debug|Any CPU.Build.0 = Debug|Any CPU
		{A50D2A52-C01E-4960-8D8F-79C21BB21903}.Release|Any CPU.ActiveCfg = Release|Any CPU
		{A50D2A52-C01E-4960-8D8F-79C21BB21903}.Release|Any CPU.Build.0 = Release|Any CPU
	EndGlobalSection
	GlobalSection(SolutionProperties) = preSolution
		HideSolutionNode = FALSE
	EndGlobalSection
	GlobalSection(ExtensibilityGlobals) = postSolution
		SolutionGuid = {A45D2101-ABF4-48CB-9A72-9EA7600F2584}
	EndGlobalSection
EndGlobal
