
Microsoft Visual Studio Solution File, Format Version 12.00
# Visual Studio Version 17
VisualStudioVersion = 17.6.33723.286
MinimumVisualStudioVersion = 10.0.40219.1
Project("{FAE04EC0-301F-11D3-BF4B-00C04F79EFBC}") = "ServerSide", "ServerSide.csproj", "{7F248B10-754E-4EF8-B0C6-E9496DEBA62B}"
EndProject
Global
	GlobalSection(SolutionConfigurationPlatforms) = preSolution
		Debug|Any CPU = Debug|Any CPU
		Release|Any CPU = Release|Any CPU
	EndGlobalSection
	GlobalSection(ProjectConfigurationPlatforms) = postSolution
		{7F248B10-754E-4EF8-B0C6-E9496DEBA62B}.Debug|Any CPU.ActiveCfg = Debug|Any CPU
		{7F248B10-754E-4EF8-B0C6-E9496DEBA62B}.Debug|Any CPU.Build.0 = Debug|Any CPU
		{7F248B10-754E-4EF8-B0C6-E9496DEBA62B}.Release|Any CPU.ActiveCfg = Release|Any CPU
		{7F248B10-754E-4EF8-B0C6-E9496DEBA62B}.Release|Any CPU.Build.0 = Release|Any CPU
	EndGlobalSection
	GlobalSection(SolutionProperties) = preSolution
		HideSolutionNode = FALSE
	EndGlobalSection
	GlobalSection(ExtensibilityGlobals) = postSolution
		SolutionGuid = {C2400909-AB45-4F2C-8AD1-969755C8B697}
	EndGlobalSection
EndGlobal
