
Microsoft Visual Studio Solution File, Format Version 12.00
# Visual Studio Version 17
VisualStudioVersion = 17.5.33502.453
MinimumVisualStudioVersion = 10.0.40219.1
Project("{FAE04EC0-301F-11D3-BF4B-00C04F79EFBC}") = "fen_proj_Prac1", "fen_proj_Prac1.csproj", "{413FC424-88A9-4D9A-B42B-BBE65C895BC1}"
EndProject
Global
	GlobalSection(SolutionConfigurationPlatforms) = preSolution
		Debug|Any CPU = Debug|Any CPU
		Release|Any CPU = Release|Any CPU
	EndGlobalSection
	GlobalSection(ProjectConfigurationPlatforms) = postSolution
		{413FC424-88A9-4D9A-B42B-BBE65C895BC1}.Debug|Any CPU.ActiveCfg = Debug|Any CPU
		{413FC424-88A9-4D9A-B42B-BBE65C895BC1}.Debug|Any CPU.Build.0 = Debug|Any CPU
		{413FC424-88A9-4D9A-B42B-BBE65C895BC1}.Release|Any CPU.ActiveCfg = Release|Any CPU
		{413FC424-88A9-4D9A-B42B-BBE65C895BC1}.Release|Any CPU.Build.0 = Release|Any CPU
	EndGlobalSection
	GlobalSection(SolutionProperties) = preSolution
		HideSolutionNode = FALSE
	EndGlobalSection
	GlobalSection(ExtensibilityGlobals) = postSolution
		SolutionGuid = {EC788E41-7148-4F95-BDAC-7DA8609AD759}
	EndGlobalSection
EndGlobal
