
Microsoft Visual Studio Solution File, Format Version 12.00
# Visual Studio Version 17
VisualStudioVersion = 17.5.33502.453
MinimumVisualStudioVersion = 10.0.40219.1
Project("{FAE04EC0-301F-11D3-BF4B-00C04F79EFBC}") = "ConsoleApp31", "ConsoleApp31.csproj", "{78EC8A96-D3BD-44C3-8012-D78D0D328D02}"
EndProject
Global
	GlobalSection(SolutionConfigurationPlatforms) = preSolution
		Debug|Any CPU = Debug|Any CPU
		Release|Any CPU = Release|Any CPU
	EndGlobalSection
	GlobalSection(ProjectConfigurationPlatforms) = postSolution
		{78EC8A96-D3BD-44C3-8012-D78D0D328D02}.Debug|Any CPU.ActiveCfg = Debug|Any CPU
		{78EC8A96-D3BD-44C3-8012-D78D0D328D02}.Debug|Any CPU.Build.0 = Debug|Any CPU
		{78EC8A96-D3BD-44C3-8012-D78D0D328D02}.Release|Any CPU.ActiveCfg = Release|Any CPU
		{78EC8A96-D3BD-44C3-8012-D78D0D328D02}.Release|Any CPU.Build.0 = Release|Any CPU
	EndGlobalSection
	GlobalSection(SolutionProperties) = preSolution
		HideSolutionNode = FALSE
	EndGlobalSection
	GlobalSection(ExtensibilityGlobals) = postSolution
		SolutionGuid = {F8F5E28E-F11C-4D01-A0B8-77CAA21405A5}
	EndGlobalSection
EndGlobal
