
Microsoft Visual Studio Solution File, Format Version 12.00
# Visual Studio Version 17
VisualStudioVersion = 17.5.33502.453
MinimumVisualStudioVersion = 10.0.40219.1
Project("{FAE04EC0-301F-11D3-BF4B-00C04F79EFBC}") = "ConsoleApp102", "ConsoleApp102.csproj", "{BA5C9F35-995D-458B-9309-93AF49430F7C}"
EndProject
Global
	GlobalSection(SolutionConfigurationPlatforms) = preSolution
		Debug|Any CPU = Debug|Any CPU
		Release|Any CPU = Release|Any CPU
	EndGlobalSection
	GlobalSection(ProjectConfigurationPlatforms) = postSolution
		{BA5C9F35-995D-458B-9309-93AF49430F7C}.Debug|Any CPU.ActiveCfg = Debug|Any CPU
		{BA5C9F35-995D-458B-9309-93AF49430F7C}.Debug|Any CPU.Build.0 = Debug|Any CPU
		{BA5C9F35-995D-458B-9309-93AF49430F7C}.Release|Any CPU.ActiveCfg = Release|Any CPU
		{BA5C9F35-995D-458B-9309-93AF49430F7C}.Release|Any CPU.Build.0 = Release|Any CPU
	EndGlobalSection
	GlobalSection(SolutionProperties) = preSolution
		HideSolutionNode = FALSE
	EndGlobalSection
	GlobalSection(ExtensibilityGlobals) = postSolution
		SolutionGuid = {960795B1-9F5B-4A9B-B846-7E6D9A8928F4}
	EndGlobalSection
EndGlobal
