
Microsoft Visual Studio Solution File, Format Version 12.00
# Visual Studio Version 17
VisualStudioVersion = 17.6.33723.286
MinimumVisualStudioVersion = 10.0.40219.1
Project("{FAE04EC0-301F-11D3-BF4B-00C04F79EFBC}") = "Template2", "Template2\Template2.csproj", "{751D3EE5-1424-4CBA-9096-35C31F913FAF}"
EndProject
Global
	GlobalSection(SolutionConfigurationPlatforms) = preSolution
		Debug|Any CPU = Debug|Any CPU
		Release|Any CPU = Release|Any CPU
	EndGlobalSection
	GlobalSection(ProjectConfigurationPlatforms) = postSolution
		{751D3EE5-1424-4CBA-9096-35C31F913FAF}.Debug|Any CPU.ActiveCfg = Debug|Any CPU
		{751D3EE5-1424-4CBA-9096-35C31F913FAF}.Debug|Any CPU.Build.0 = Debug|Any CPU
		{751D3EE5-1424-4CBA-9096-35C31F913FAF}.Release|Any CPU.ActiveCfg = Release|Any CPU
		{751D3EE5-1424-4CBA-9096-35C31F913FAF}.Release|Any CPU.Build.0 = Release|Any CPU
	EndGlobalSection
	GlobalSection(SolutionProperties) = preSolution
		HideSolutionNode = FALSE
	EndGlobalSection
	GlobalSection(ExtensibilityGlobals) = postSolution
		SolutionGuid = {E99F92E3-FEDC-4B02-B050-06163503B38D}
	EndGlobalSection
EndGlobal
