
Microsoft Visual Studio Solution File, Format Version 12.00
# Visual Studio Version 17
VisualStudioVersion = 17.5.33502.453
MinimumVisualStudioVersion = 10.0.40219.1
Project("{FAE04EC0-301F-11D3-BF4B-00C04F79EFBC}") = "ConsoleApp97", "ConsoleApp97.csproj", "{55C95165-B01D-4F50-A540-FA9D580C940C}"
EndProject
Global
	GlobalSection(SolutionConfigurationPlatforms) = preSolution
		Debug|Any CPU = Debug|Any CPU
		Release|Any CPU = Release|Any CPU
	EndGlobalSection
	GlobalSection(ProjectConfigurationPlatforms) = postSolution
		{55C95165-B01D-4F50-A540-FA9D580C940C}.Debug|Any CPU.ActiveCfg = Debug|Any CPU
		{55C95165-B01D-4F50-A540-FA9D580C940C}.Debug|Any CPU.Build.0 = Debug|Any CPU
		{55C95165-B01D-4F50-A540-FA9D580C940C}.Release|Any CPU.ActiveCfg = Release|Any CPU
		{55C95165-B01D-4F50-A540-FA9D580C940C}.Release|Any CPU.Build.0 = Release|Any CPU
	EndGlobalSection
	GlobalSection(SolutionProperties) = preSolution
		HideSolutionNode = FALSE
	EndGlobalSection
	GlobalSection(ExtensibilityGlobals) = postSolution
		SolutionGuid = {A86A6EE9-09A7-4486-88AF-E77A60F33BB4}
	EndGlobalSection
EndGlobal
