
Microsoft Visual Studio Solution File, Format Version 12.00
# Visual Studio Version 17
VisualStudioVersion = 17.5.33502.453
MinimumVisualStudioVersion = 10.0.40219.1
Project("{FAE04EC0-301F-11D3-BF4B-00C04F79EFBC}") = "ConsoleApp92", "ConsoleApp92.csproj", "{B3073051-CA25-4EBD-8B56-52C99CAFEB91}"
EndProject
Global
	GlobalSection(SolutionConfigurationPlatforms) = preSolution
		Debug|Any CPU = Debug|Any CPU
		Release|Any CPU = Release|Any CPU
	EndGlobalSection
	GlobalSection(ProjectConfigurationPlatforms) = postSolution
		{B3073051-CA25-4EBD-8B56-52C99CAFEB91}.Debug|Any CPU.ActiveCfg = Debug|Any CPU
		{B3073051-CA25-4EBD-8B56-52C99CAFEB91}.Debug|Any CPU.Build.0 = Debug|Any CPU
		{B3073051-CA25-4EBD-8B56-52C99CAFEB91}.Release|Any CPU.ActiveCfg = Release|Any CPU
		{B3073051-CA25-4EBD-8B56-52C99CAFEB91}.Release|Any CPU.Build.0 = Release|Any CPU
	EndGlobalSection
	GlobalSection(SolutionProperties) = preSolution
		HideSolutionNode = FALSE
	EndGlobalSection
	GlobalSection(ExtensibilityGlobals) = postSolution
		SolutionGuid = {5485AFC8-D0DF-4BD0-A9F4-BC5220A9159D}
	EndGlobalSection
EndGlobal
