
Microsoft Visual Studio Solution File, Format Version 12.00
# Visual Studio Version 17
VisualStudioVersion = 17.6.33723.286
MinimumVisualStudioVersion = 10.0.40219.1
Project("{FAE04EC0-301F-11D3-BF4B-00C04F79EFBC}") = "WebApplication5Trust", "WebApplication5Trust.csproj", "{9F53B629-E289-44A7-A0A0-CECC912BD044}"
EndProject
Global
	GlobalSection(SolutionConfigurationPlatforms) = preSolution
		Debug|Any CPU = Debug|Any CPU
		Release|Any CPU = Release|Any CPU
	EndGlobalSection
	GlobalSection(ProjectConfigurationPlatforms) = postSolution
		{9F53B629-E289-44A7-A0A0-CECC912BD044}.Debug|Any CPU.ActiveCfg = Debug|Any CPU
		{9F53B629-E289-44A7-A0A0-CECC912BD044}.Debug|Any CPU.Build.0 = Debug|Any CPU
		{9F53B629-E289-44A7-A0A0-CECC912BD044}.Release|Any CPU.ActiveCfg = Release|Any CPU
		{9F53B629-E289-44A7-A0A0-CECC912BD044}.Release|Any CPU.Build.0 = Release|Any CPU
	EndGlobalSection
	GlobalSection(SolutionProperties) = preSolution
		HideSolutionNode = FALSE
	EndGlobalSection
	GlobalSection(ExtensibilityGlobals) = postSolution
		SolutionGuid = {BDC6E9A4-EA92-49E7-8FC4-DF6E78A720F9}
	EndGlobalSection
EndGlobal
