
Microsoft Visual Studio Solution File, Format Version 12.00
# Visual Studio Version 17
VisualStudioVersion = 17.6.33723.286
MinimumVisualStudioVersion = 10.0.40219.1
Project("{FAE04EC0-301F-11D3-BF4B-00C04F79EFBC}") = "WebApplication6TRUST", "WebApplication6TRUST.csproj", "{5B7E3885-3887-43FF-A961-A4A380745167}"
EndProject
Global
	GlobalSection(SolutionConfigurationPlatforms) = preSolution
		Debug|Any CPU = Debug|Any CPU
		Release|Any CPU = Release|Any CPU
	EndGlobalSection
	GlobalSection(ProjectConfigurationPlatforms) = postSolution
		{5B7E3885-3887-43FF-A961-A4A380745167}.Debug|Any CPU.ActiveCfg = Debug|Any CPU
		{5B7E3885-3887-43FF-A961-A4A380745167}.Debug|Any CPU.Build.0 = Debug|Any CPU
		{5B7E3885-3887-43FF-A961-A4A380745167}.Release|Any CPU.ActiveCfg = Release|Any CPU
		{5B7E3885-3887-43FF-A961-A4A380745167}.Release|Any CPU.Build.0 = Release|Any CPU
	EndGlobalSection
	GlobalSection(SolutionProperties) = preSolution
		HideSolutionNode = FALSE
	EndGlobalSection
	GlobalSection(ExtensibilityGlobals) = postSolution
		SolutionGuid = {BBDC2C47-B70C-4E9E-834C-F56BA9D4FDE4}
	EndGlobalSection
EndGlobal
