
Microsoft Visual Studio Solution File, Format Version 12.00
# Visual Studio Version 17
VisualStudioVersion = 17.6.33723.286
MinimumVisualStudioVersion = 10.0.40219.1
Project("{FAE04EC0-301F-11D3-BF4B-00C04F79EFBC}") = "WebApplication19", "WebApplication19\WebApplication19.csproj", "{90A35127-1361-4E72-B983-9C66C41D2692}"
EndProject
Global
	GlobalSection(SolutionConfigurationPlatforms) = preSolution
		Debug|Any CPU = Debug|Any CPU
		Release|Any CPU = Release|Any CPU
	EndGlobalSection
	GlobalSection(ProjectConfigurationPlatforms) = postSolution
		{90A35127-1361-4E72-B983-9C66C41D2692}.Debug|Any CPU.ActiveCfg = Debug|Any CPU
		{90A35127-1361-4E72-B983-9C66C41D2692}.Debug|Any CPU.Build.0 = Debug|Any CPU
		{90A35127-1361-4E72-B983-9C66C41D2692}.Release|Any CPU.ActiveCfg = Release|Any CPU
		{90A35127-1361-4E72-B983-9C66C41D2692}.Release|Any CPU.Build.0 = Release|Any CPU
	EndGlobalSection
	GlobalSection(SolutionProperties) = preSolution
		HideSolutionNode = FALSE
	EndGlobalSection
	GlobalSection(ExtensibilityGlobals) = postSolution
		SolutionGuid = {3C9DFB2C-B108-4EF1-BA65-88E04BCA81F2}
	EndGlobalSection
EndGlobal
