
Microsoft Visual Studio Solution File, Format Version 12.00
# Visual Studio Version 17
VisualStudioVersion = 17.5.33502.453
MinimumVisualStudioVersion = 10.0.40219.1
Project("{FAE04EC0-301F-11D3-BF4B-00C04F79EFBC}") = "WindowsFormsApp14", "WindowsFormsApp14.csproj", "{09F97E70-D888-4490-826B-A28690F2FF27}"
EndProject
Global
	GlobalSection(SolutionConfigurationPlatforms) = preSolution
		Debug|Any CPU = Debug|Any CPU
		Release|Any CPU = Release|Any CPU
	EndGlobalSection
	GlobalSection(ProjectConfigurationPlatforms) = postSolution
		{09F97E70-D888-4490-826B-A28690F2FF27}.Debug|Any CPU.ActiveCfg = Debug|Any CPU
		{09F97E70-D888-4490-826B-A28690F2FF27}.Debug|Any CPU.Build.0 = Debug|Any CPU
		{09F97E70-D888-4490-826B-A28690F2FF27}.Release|Any CPU.ActiveCfg = Release|Any CPU
		{09F97E70-D888-4490-826B-A28690F2FF27}.Release|Any CPU.Build.0 = Release|Any CPU
	EndGlobalSection
	GlobalSection(SolutionProperties) = preSolution
		HideSolutionNode = FALSE
	EndGlobalSection
	GlobalSection(ExtensibilityGlobals) = postSolution
		SolutionGuid = {4DC6EB57-80B6-416A-AD33-18621C5A8012}
	EndGlobalSection
EndGlobal
