
Microsoft Visual Studio Solution File, Format Version 12.00
# Visual Studio Version 17
VisualStudioVersion = 17.5.33502.453
MinimumVisualStudioVersion = 10.0.40219.1
Project("{FAE04EC0-301F-11D3-BF4B-00C04F79EFBC}") = "ConsoleApp61", "ConsoleApp61.csproj", "{59F5DDC5-4E48-4551-8242-A34F11356815}"
EndProject
Global
	GlobalSection(SolutionConfigurationPlatforms) = preSolution
		Debug|Any CPU = Debug|Any CPU
		Release|Any CPU = Release|Any CPU
	EndGlobalSection
	GlobalSection(ProjectConfigurationPlatforms) = postSolution
		{59F5DDC5-4E48-4551-8242-A34F11356815}.Debug|Any CPU.ActiveCfg = Debug|Any CPU
		{59F5DDC5-4E48-4551-8242-A34F11356815}.Debug|Any CPU.Build.0 = Debug|Any CPU
		{59F5DDC5-4E48-4551-8242-A34F11356815}.Release|Any CPU.ActiveCfg = Release|Any CPU
		{59F5DDC5-4E48-4551-8242-A34F11356815}.Release|Any CPU.Build.0 = Release|Any CPU
	EndGlobalSection
	GlobalSection(SolutionProperties) = preSolution
		HideSolutionNode = FALSE
	EndGlobalSection
	GlobalSection(ExtensibilityGlobals) = postSolution
		SolutionGuid = {72D210CB-687A-4BA1-A02E-97696507E866}
	EndGlobalSection
EndGlobal
