
Microsoft Visual Studio Solution File, Format Version 12.00
# Visual Studio Version 17
VisualStudioVersion = 17.5.33502.453
MinimumVisualStudioVersion = 10.0.40219.1
Project("{FAE04EC0-301F-11D3-BF4B-00C04F79EFBC}") = "WindowsFormsApp32", "WindowsFormsApp32.csproj", "{E07ECB83-6B42-4209-9526-0DB96025AD0D}"
EndProject
Global
	GlobalSection(SolutionConfigurationPlatforms) = preSolution
		Debug|Any CPU = Debug|Any CPU
		Release|Any CPU = Release|Any CPU
	EndGlobalSection
	GlobalSection(ProjectConfigurationPlatforms) = postSolution
		{E07ECB83-6B42-4209-9526-0DB96025AD0D}.Debug|Any CPU.ActiveCfg = Debug|Any CPU
		{E07ECB83-6B42-4209-9526-0DB96025AD0D}.Debug|Any CPU.Build.0 = Debug|Any CPU
		{E07ECB83-6B42-4209-9526-0DB96025AD0D}.Release|Any CPU.ActiveCfg = Release|Any CPU
		{E07ECB83-6B42-4209-9526-0DB96025AD0D}.Release|Any CPU.Build.0 = Release|Any CPU
	EndGlobalSection
	GlobalSection(SolutionProperties) = preSolution
		HideSolutionNode = FALSE
	EndGlobalSection
	GlobalSection(ExtensibilityGlobals) = postSolution
		SolutionGuid = {1A07AE9E-3767-4261-A107-1060E9819CFD}
	EndGlobalSection
EndGlobal
