
Microsoft Visual Studio Solution File, Format Version 12.00
# Visual Studio Version 17
VisualStudioVersion = 17.6.33723.286
MinimumVisualStudioVersion = 10.0.40219.1
Project("{FAE04EC0-301F-11D3-BF4B-00C04F79EFBC}") = "Registration Form", "Registration Form.csproj", "{B6B11F5C-8388-4CA1-898B-5F3CFC61C866}"
EndProject
Global
	GlobalSection(SolutionConfigurationPlatforms) = preSolution
		Debug|Any CPU = Debug|Any CPU
		Release|Any CPU = Release|Any CPU
	EndGlobalSection
	GlobalSection(ProjectConfigurationPlatforms) = postSolution
		{B6B11F5C-8388-4CA1-898B-5F3CFC61C866}.Debug|Any CPU.ActiveCfg = Debug|Any CPU
		{B6B11F5C-8388-4CA1-898B-5F3CFC61C866}.Debug|Any CPU.Build.0 = Debug|Any CPU
		{B6B11F5C-8388-4CA1-898B-5F3CFC61C866}.Release|Any CPU.ActiveCfg = Release|Any CPU
		{B6B11F5C-8388-4CA1-898B-5F3CFC61C866}.Release|Any CPU.Build.0 = Release|Any CPU
	EndGlobalSection
	GlobalSection(SolutionProperties) = preSolution
		HideSolutionNode = FALSE
	EndGlobalSection
	GlobalSection(ExtensibilityGlobals) = postSolution
		SolutionGuid = {2EAD9F57-3437-42C5-9CB7-AD7BE34574A5}
	EndGlobalSection
EndGlobal
