
Microsoft Visual Studio Solution File, Format Version 12.00
# Visual Studio Version 17
VisualStudioVersion = 17.5.33502.453
MinimumVisualStudioVersion = 10.0.40219.1
Project("{FAE04EC0-301F-11D3-BF4B-00C04F79EFBC}") = "project1", "project1.csproj", "{8263621B-9733-4EE4-9243-88CB3958C5BB}"
EndProject
Global
	GlobalSection(SolutionConfigurationPlatforms) = preSolution
		Debug|Any CPU = Debug|Any CPU
		Release|Any CPU = Release|Any CPU
	EndGlobalSection
	GlobalSection(ProjectConfigurationPlatforms) = postSolution
		{8263621B-9733-4EE4-9243-88CB3958C5BB}.Debug|Any CPU.ActiveCfg = Debug|Any CPU
		{8263621B-9733-4EE4-9243-88CB3958C5BB}.Debug|Any CPU.Build.0 = Debug|Any CPU
		{8263621B-9733-4EE4-9243-88CB3958C5BB}.Release|Any CPU.ActiveCfg = Release|Any CPU
		{8263621B-9733-4EE4-9243-88CB3958C5BB}.Release|Any CPU.Build.0 = Release|Any CPU
	EndGlobalSection
	GlobalSection(SolutionProperties) = preSolution
		HideSolutionNode = FALSE
	EndGlobalSection
	GlobalSection(ExtensibilityGlobals) = postSolution
		SolutionGuid = {100CFD8B-D234-4FEF-BF5B-037DCE2502F3}
	EndGlobalSection
EndGlobal
