
Microsoft Visual Studio Solution File, Format Version 12.00
# Visual Studio Version 17
VisualStudioVersion = 17.5.33502.453
MinimumVisualStudioVersion = 10.0.40219.1
Project("{FAE04EC0-301F-11D3-BF4B-00C04F79EFBC}") = "ConsoleApp22", "ConsoleApp22.csproj", "{554FDB57-571F-489A-A256-99F57D273601}"
EndProject
Global
	GlobalSection(SolutionConfigurationPlatforms) = preSolution
		Debug|Any CPU = Debug|Any CPU
		Release|Any CPU = Release|Any CPU
	EndGlobalSection
	GlobalSection(ProjectConfigurationPlatforms) = postSolution
		{554FDB57-571F-489A-A256-99F57D273601}.Debug|Any CPU.ActiveCfg = Debug|Any CPU
		{554FDB57-571F-489A-A256-99F57D273601}.Debug|Any CPU.Build.0 = Debug|Any CPU
		{554FDB57-571F-489A-A256-99F57D273601}.Release|Any CPU.ActiveCfg = Release|Any CPU
		{554FDB57-571F-489A-A256-99F57D273601}.Release|Any CPU.Build.0 = Release|Any CPU
	EndGlobalSection
	GlobalSection(SolutionProperties) = preSolution
		HideSolutionNode = FALSE
	EndGlobalSection
	GlobalSection(ExtensibilityGlobals) = postSolution
		SolutionGuid = {A072C08B-2C46-44B8-AECE-29C3E43CB015}
	EndGlobalSection
EndGlobal
