
Microsoft Visual Studio Solution File, Format Version 12.00
# Visual Studio Version 17
VisualStudioVersion = 17.6.33723.286
MinimumVisualStudioVersion = 10.0.40219.1
Project("{FAE04EC0-301F-11D3-BF4B-00C04F79EFBC}") = "WebApplication17", "WebApplication17\WebApplication17.csproj", "{6AC2B080-4C91-4252-BB4E-60AF3C3F97F5}"
EndProject
Global
	GlobalSection(SolutionConfigurationPlatforms) = preSolution
		Debug|Any CPU = Debug|Any CPU
		Release|Any CPU = Release|Any CPU
	EndGlobalSection
	GlobalSection(ProjectConfigurationPlatforms) = postSolution
		{6AC2B080-4C91-4252-BB4E-60AF3C3F97F5}.Debug|Any CPU.ActiveCfg = Debug|Any CPU
		{6AC2B080-4C91-4252-BB4E-60AF3C3F97F5}.Debug|Any CPU.Build.0 = Debug|Any CPU
		{6AC2B080-4C91-4252-BB4E-60AF3C3F97F5}.Release|Any CPU.ActiveCfg = Release|Any CPU
		{6AC2B080-4C91-4252-BB4E-60AF3C3F97F5}.Release|Any CPU.Build.0 = Release|Any CPU
	EndGlobalSection
	GlobalSection(SolutionProperties) = preSolution
		HideSolutionNode = FALSE
	EndGlobalSection
	GlobalSection(ExtensibilityGlobals) = postSolution
		SolutionGuid = {DD5B788E-4633-45C2-AD4E-631403359966}
	EndGlobalSection
EndGlobal
