
Microsoft Visual Studio Solution File, Format Version 12.00
# Visual Studio Version 17
VisualStudioVersion = 17.6.33723.286
MinimumVisualStudioVersion = 10.0.40219.1
Project("{FAE04EC0-301F-11D3-BF4B-00C04F79EFBC}") = "signup", "signup\signup.csproj", "{42801475-1A65-4485-96CE-67E932DB6E63}"
EndProject
Global
	GlobalSection(SolutionConfigurationPlatforms) = preSolution
		Debug|Any CPU = Debug|Any CPU
		Release|Any CPU = Release|Any CPU
	EndGlobalSection
	GlobalSection(ProjectConfigurationPlatforms) = postSolution
		{42801475-1A65-4485-96CE-67E932DB6E63}.Debug|Any CPU.ActiveCfg = Debug|Any CPU
		{42801475-1A65-4485-96CE-67E932DB6E63}.Debug|Any CPU.Build.0 = Debug|Any CPU
		{42801475-1A65-4485-96CE-67E932DB6E63}.Release|Any CPU.ActiveCfg = Release|Any CPU
		{42801475-1A65-4485-96CE-67E932DB6E63}.Release|Any CPU.Build.0 = Release|Any CPU
	EndGlobalSection
	GlobalSection(SolutionProperties) = preSolution
		HideSolutionNode = FALSE
	EndGlobalSection
	GlobalSection(ExtensibilityGlobals) = postSolution
		SolutionGuid = {C4C1779C-BA1A-47D3-9625-4C8BCF967844}
	EndGlobalSection
EndGlobal
