
Microsoft Visual Studio Solution File, Format Version 12.00
# Visual Studio Version 17
VisualStudioVersion = 17.5.33502.453
MinimumVisualStudioVersion = 10.0.40219.1
Project("{FAE04EC0-301F-11D3-BF4B-00C04F79EFBC}") = "proj2_prac", "proj2_prac.csproj", "{71B701C1-A02E-42FA-9882-6D6D5788A1CA}"
EndProject
Global
	GlobalSection(SolutionConfigurationPlatforms) = preSolution
		Debug|Any CPU = Debug|Any CPU
		Release|Any CPU = Release|Any CPU
	EndGlobalSection
	GlobalSection(ProjectConfigurationPlatforms) = postSolution
		{71B701C1-A02E-42FA-9882-6D6D5788A1CA}.Debug|Any CPU.ActiveCfg = Debug|Any CPU
		{71B701C1-A02E-42FA-9882-6D6D5788A1CA}.Debug|Any CPU.Build.0 = Debug|Any CPU
		{71B701C1-A02E-42FA-9882-6D6D5788A1CA}.Release|Any CPU.ActiveCfg = Release|Any CPU
		{71B701C1-A02E-42FA-9882-6D6D5788A1CA}.Release|Any CPU.Build.0 = Release|Any CPU
	EndGlobalSection
	GlobalSection(SolutionProperties) = preSolution
		HideSolutionNode = FALSE
	EndGlobalSection
	GlobalSection(ExtensibilityGlobals) = postSolution
		SolutionGuid = {EC9BDA8D-06E5-4F05-B011-56B966119FFE}
	EndGlobalSection
EndGlobal
