
Microsoft Visual Studio Solution File, Format Version 12.00
# Visual Studio Version 17
VisualStudioVersion = 17.5.33502.453
MinimumVisualStudioVersion = 10.0.40219.1
Project("{FAE04EC0-301F-11D3-BF4B-00C04F79EFBC}") = "ConsoleApp76", "ConsoleApp76.csproj", "{9608C35D-AFF8-44C2-90AD-A18AA8129FFE}"
EndProject
Global
	GlobalSection(SolutionConfigurationPlatforms) = preSolution
		Debug|Any CPU = Debug|Any CPU
		Release|Any CPU = Release|Any CPU
	EndGlobalSection
	GlobalSection(ProjectConfigurationPlatforms) = postSolution
		{9608C35D-AFF8-44C2-90AD-A18AA8129FFE}.Debug|Any CPU.ActiveCfg = Debug|Any CPU
		{9608C35D-AFF8-44C2-90AD-A18AA8129FFE}.Debug|Any CPU.Build.0 = Debug|Any CPU
		{9608C35D-AFF8-44C2-90AD-A18AA8129FFE}.Release|Any CPU.ActiveCfg = Release|Any CPU
		{9608C35D-AFF8-44C2-90AD-A18AA8129FFE}.Release|Any CPU.Build.0 = Release|Any CPU
	EndGlobalSection
	GlobalSection(SolutionProperties) = preSolution
		HideSolutionNode = FALSE
	EndGlobalSection
	GlobalSection(ExtensibilityGlobals) = postSolution
		SolutionGuid = {EAD53C78-19C2-4A89-935E-342C59835498}
	EndGlobalSection
EndGlobal
