
Microsoft Visual Studio Solution File, Format Version 12.00
# Visual Studio Version 17
VisualStudioVersion = 17.6.33723.286
MinimumVisualStudioVersion = 10.0.40219.1
Project("{FAE04EC0-301F-11D3-BF4B-00C04F79EFBC}") = "WebApplication23", "WebApplication23\WebApplication23.csproj", "{4E342B01-9122-4E39-A950-B29477F75C2A}"
EndProject
Global
	GlobalSection(SolutionConfigurationPlatforms) = preSolution
		Debug|Any CPU = Debug|Any CPU
		Release|Any CPU = Release|Any CPU
	EndGlobalSection
	GlobalSection(ProjectConfigurationPlatforms) = postSolution
		{4E342B01-9122-4E39-A950-B29477F75C2A}.Debug|Any CPU.ActiveCfg = Debug|Any CPU
		{4E342B01-9122-4E39-A950-B29477F75C2A}.Debug|Any CPU.Build.0 = Debug|Any CPU
		{4E342B01-9122-4E39-A950-B29477F75C2A}.Release|Any CPU.ActiveCfg = Release|Any CPU
		{4E342B01-9122-4E39-A950-B29477F75C2A}.Release|Any CPU.Build.0 = Release|Any CPU
	EndGlobalSection
	GlobalSection(SolutionProperties) = preSolution
		HideSolutionNode = FALSE
	EndGlobalSection
	GlobalSection(ExtensibilityGlobals) = postSolution
		SolutionGuid = {C1ACB197-70D7-4F2C-B852-4CF6D0AB0FFD}
	EndGlobalSection
EndGlobal
