
Microsoft Visual Studio Solution File, Format Version 12.00
# Visual Studio Version 17
VisualStudioVersion = 17.6.33723.286
MinimumVisualStudioVersion = 10.0.40219.1
Project("{FAE04EC0-301F-11D3-BF4B-00C04F79EFBC}") = "WebApplication2", "WebApplication2\WebApplication2.csproj", "{70E1603E-8110-45E3-9158-EF4AFEBE6473}"
EndProject
Global
	GlobalSection(SolutionConfigurationPlatforms) = preSolution
		Debug|Any CPU = Debug|Any CPU
		Release|Any CPU = Release|Any CPU
	EndGlobalSection
	GlobalSection(ProjectConfigurationPlatforms) = postSolution
		{70E1603E-8110-45E3-9158-EF4AFEBE6473}.Debug|Any CPU.ActiveCfg = Debug|Any CPU
		{70E1603E-8110-45E3-9158-EF4AFEBE6473}.Debug|Any CPU.Build.0 = Debug|Any CPU
		{70E1603E-8110-45E3-9158-EF4AFEBE6473}.Release|Any CPU.ActiveCfg = Release|Any CPU
		{70E1603E-8110-45E3-9158-EF4AFEBE6473}.Release|Any CPU.Build.0 = Release|Any CPU
	EndGlobalSection
	GlobalSection(SolutionProperties) = preSolution
		HideSolutionNode = FALSE
	EndGlobalSection
	GlobalSection(ExtensibilityGlobals) = postSolution
		SolutionGuid = {01DDC1A8-FC5D-4C88-8DFD-529098BE92F9}
	EndGlobalSection
EndGlobal
