
Microsoft Visual Studio Solution File, Format Version 12.00
# Visual Studio Version 17
VisualStudioVersion = 17.5.33502.453
MinimumVisualStudioVersion = 10.0.40219.1
Project("{FAE04EC0-301F-11D3-BF4B-00C04F79EFBC}") = "ConsoleApp117", "ConsoleApp117.csproj", "{6395DAF8-DE23-4552-8820-4F3B0D79CEAD}"
EndProject
Global
	GlobalSection(SolutionConfigurationPlatforms) = preSolution
		Debug|Any CPU = Debug|Any CPU
		Release|Any CPU = Release|Any CPU
	EndGlobalSection
	GlobalSection(ProjectConfigurationPlatforms) = postSolution
		{6395DAF8-DE23-4552-8820-4F3B0D79CEAD}.Debug|Any CPU.ActiveCfg = Debug|Any CPU
		{6395DAF8-DE23-4552-8820-4F3B0D79CEAD}.Debug|Any CPU.Build.0 = Debug|Any CPU
		{6395DAF8-DE23-4552-8820-4F3B0D79CEAD}.Release|Any CPU.ActiveCfg = Release|Any CPU
		{6395DAF8-DE23-4552-8820-4F3B0D79CEAD}.Release|Any CPU.Build.0 = Release|Any CPU
	EndGlobalSection
	GlobalSection(SolutionProperties) = preSolution
		HideSolutionNode = FALSE
	EndGlobalSection
	GlobalSection(ExtensibilityGlobals) = postSolution
		SolutionGuid = {B14600EA-4DD0-484F-A512-C2EEBB86D283}
	EndGlobalSection
EndGlobal
