
Microsoft Visual Studio Solution File, Format Version 12.00
# Visual Studio Version 17
VisualStudioVersion = 17.5.33502.453
MinimumVisualStudioVersion = 10.0.40219.1
Project("{FAE04EC0-301F-11D3-BF4B-00C04F79EFBC}") = "ConsoleApp18", "ConsoleApp18.csproj", "{23C4EDFF-D78F-457C-A3C5-AA3915173BDE}"
EndProject
Global
	GlobalSection(SolutionConfigurationPlatforms) = preSolution
		Debug|Any CPU = Debug|Any CPU
		Release|Any CPU = Release|Any CPU
	EndGlobalSection
	GlobalSection(ProjectConfigurationPlatforms) = postSolution
		{23C4EDFF-D78F-457C-A3C5-AA3915173BDE}.Debug|Any CPU.ActiveCfg = Debug|Any CPU
		{23C4EDFF-D78F-457C-A3C5-AA3915173BDE}.Debug|Any CPU.Build.0 = Debug|Any CPU
		{23C4EDFF-D78F-457C-A3C5-AA3915173BDE}.Release|Any CPU.ActiveCfg = Release|Any CPU
		{23C4EDFF-D78F-457C-A3C5-AA3915173BDE}.Release|Any CPU.Build.0 = Release|Any CPU
	EndGlobalSection
	GlobalSection(SolutionProperties) = preSolution
		HideSolutionNode = FALSE
	EndGlobalSection
	GlobalSection(ExtensibilityGlobals) = postSolution
		SolutionGuid = {05225BB4-0577-4F14-B79A-01CDF815F124}
	EndGlobalSection
EndGlobal
